
Microsoft Visual Studio Solution File, Format Version 12.00
# Visual Studio Version 16
VisualStudioVersion = 16.0.29613.14
MinimumVisualStudioVersion = 10.0.40219.1
Project("{FAE04EC0-301F-11D3-BF4B-00C04F79EFBC}") = "2zadanie", "2zadanie\2zadanie.csproj", "{9016F5F7-3328-4547-8E3C-2378001722D2}"
EndProject
Global
	GlobalSection(SolutionConfigurationPlatforms) = preSolution
		Debug|Any CPU = Debug|Any CPU
		Release|Any CPU = Release|Any CPU
	EndGlobalSection
	GlobalSection(ProjectConfigurationPlatforms) = postSolution
		{9016F5F7-3328-4547-8E3C-2378001722D2}.Debug|Any CPU.ActiveCfg = Debug|Any CPU
		{9016F5F7-3328-4547-8E3C-2378001722D2}.Debug|Any CPU.Build.0 = Debug|Any CPU
		{9016F5F7-3328-4547-8E3C-2378001722D2}.Release|Any CPU.ActiveCfg = Release|Any CPU
		{9016F5F7-3328-4547-8E3C-2378001722D2}.Release|Any CPU.Build.0 = Release|Any CPU
	EndGlobalSection
	GlobalSection(SolutionProperties) = preSolution
		HideSolutionNode = FALSE
	EndGlobalSection
	GlobalSection(ExtensibilityGlobals) = postSolution
		SolutionGuid = {17F399F1-ED7D-4DCE-A47F-E461883BF837}
	EndGlobalSection
EndGlobal
